
Microsoft Visual Studio Solution File, Format Version 12.00
# Visual Studio Version 17
VisualStudioVersion = 17.6.33815.320
MinimumVisualStudioVersion = 10.0.40219.1
Project("{FAE04EC0-301F-11D3-BF4B-00C04F79EFBC}") = "ExemproHeranca", "ExemproHeranca.csproj", "{422F2BC5-24DD-4A37-AE65-7503B5C98674}"
EndProject
Global
	GlobalSection(SolutionConfigurationPlatforms) = preSolution
		Debug|Any CPU = Debug|Any CPU
		Release|Any CPU = Release|Any CPU
	EndGlobalSection
	GlobalSection(ProjectConfigurationPlatforms) = postSolution
		{422F2BC5-24DD-4A37-AE65-7503B5C98674}.Debug|Any CPU.ActiveCfg = Debug|Any CPU
		{422F2BC5-24DD-4A37-AE65-7503B5C98674}.Debug|Any CPU.Build.0 = Debug|Any CPU
		{422F2BC5-24DD-4A37-AE65-7503B5C98674}.Release|Any CPU.ActiveCfg = Release|Any CPU
		{422F2BC5-24DD-4A37-AE65-7503B5C98674}.Release|Any CPU.Build.0 = Release|Any CPU
	EndGlobalSection
	GlobalSection(SolutionProperties) = preSolution
		HideSolutionNode = FALSE
	EndGlobalSection
	GlobalSection(ExtensibilityGlobals) = postSolution
		SolutionGuid = {EE5E4624-1D2C-4BC5-BD77-8B7E98B2B21C}
	EndGlobalSection
EndGlobal
